// !$*UTF8*$!
{
	archiveVersion = 1;
	classes = {
	};
	objectVersion = 48;
	objects = {

/* Begin PBXBuildFile section */
		0308A615201A919A002B5174 /* CardFrame.swift in Sources */ = {isa = PBXBuildFile; fileRef = 0308A614201A919A002B5174 /* CardFrame.swift */; };
		030F65DF201695620084AD63 /* Anchors.swift in Sources */ = {isa = PBXBuildFile; fileRef = 030F65DE201695620084AD63 /* Anchors.swift */; };
		030F65E120169C9E0084AD63 /* CardFrameCell.swift in Sources */ = {isa = PBXBuildFile; fileRef = 030F65E020169C9E0084AD63 /* CardFrameCell.swift */; };
		0310C6721FD21EE8002F5F02 /* CreateCardViewController.swift in Sources */ = {isa = PBXBuildFile; fileRef = 0310C6711FD21EE8002F5F02 /* CreateCardViewController.swift */; };
		0310C67C1FD220C8002F5F02 /* CustomTabBarController.swift in Sources */ = {isa = PBXBuildFile; fileRef = 0310C67B1FD220C8002F5F02 /* CustomTabBarController.swift */; };
		0360BFBF203F79E30011C7A0 /* AddTitleViewController.swift in Sources */ = {isa = PBXBuildFile; fileRef = 0360BFBE203F79E30011C7A0 /* AddTitleViewController.swift */; };
		03730E551FCFA02F004C8B08 /* GoogleService-Info.plist in Resources */ = {isa = PBXBuildFile; fileRef = 03730E541FCFA02F004C8B08 /* GoogleService-Info.plist */; };
		037D70862016794F005A068D /* SelectFrameViewController.swift in Sources */ = {isa = PBXBuildFile; fileRef = 037D70852016794F005A068D /* SelectFrameViewController.swift */; };
		03879AFC2034D00200966240 /* NavigationControllerStatusBar.swift in Sources */ = {isa = PBXBuildFile; fileRef = 03879AFB2034D00200966240 /* NavigationControllerStatusBar.swift */; };
		0395E2C520197003001C64B8 /* LaunchScreen.storyboard in Resources */ = {isa = PBXBuildFile; fileRef = 0395E2C420197003001C64B8 /* LaunchScreen.storyboard */; };
		03AA8FD41F7389A900EE3DC9 /* KeyboardSetting.swift in Sources */ = {isa = PBXBuildFile; fileRef = 03AA8FD31F7389A900EE3DC9 /* KeyboardSetting.swift */; };
		03AA8FDB1F73A27900EE3DC9 /* BusinessCardViewController.swift in Sources */ = {isa = PBXBuildFile; fileRef = 03AA8FDA1F73A27800EE3DC9 /* BusinessCardViewController.swift */; };
		03B61C081FD284CE00BC0F69 /* ConnectionsViewController.swift in Sources */ = {isa = PBXBuildFile; fileRef = 03B61C071FD284CE00BC0F69 /* ConnectionsViewController.swift */; };
		03B61C0A1FD286A000BC0F69 /* SettingsViewController.swift in Sources */ = {isa = PBXBuildFile; fileRef = 03B61C091FD286A000BC0F69 /* SettingsViewController.swift */; };
		03B61C0C1FD2887D00BC0F69 /* MoreViewController.swift in Sources */ = {isa = PBXBuildFile; fileRef = 03B61C0B1FD2887D00BC0F69 /* MoreViewController.swift */; };
		03B90D042013E3A600A7F438 /* Assets.xcassets in Resources */ = {isa = PBXBuildFile; fileRef = 03B90D032013E3A500A7F438 /* Assets.xcassets */; };
		03CE9729206838FB00C59067 /* PreviewViewController.swift in Sources */ = {isa = PBXBuildFile; fileRef = 03CE9728206838FB00C59067 /* PreviewViewController.swift */; };
		03E0509520351367001956DC /* AddNameViewController.swift in Sources */ = {isa = PBXBuildFile; fileRef = 03E0509420351367001956DC /* AddNameViewController.swift */; };
		03E25A452047819E00934C17 /* Card.swift in Sources */ = {isa = PBXBuildFile; fileRef = 03E25A442047819E00934C17 /* Card.swift */; };
		03F0C7FD1F7349D7009A28A0 /* AppDelegate.swift in Sources */ = {isa = PBXBuildFile; fileRef = 03F0C7FC1F7349D7009A28A0 /* AppDelegate.swift */; };
		03F0C8021F7349D7009A28A0 /* Main.storyboard in Resources */ = {isa = PBXBuildFile; fileRef = 03F0C8001F7349D7009A28A0 /* Main.storyboard */; };
		03F0C8051F7349D7009A28A0 /* CardCollec.xcdatamodeld in Sources */ = {isa = PBXBuildFile; fileRef = 03F0C8031F7349D7009A28A0 /* CardCollec.xcdatamodeld */; };
		03F0C8121F734B08009A28A0 /* MainNavigationController.swift in Sources */ = {isa = PBXBuildFile; fileRef = 03F0C8111F734B08009A28A0 /* MainNavigationController.swift */; };
		03F0C8141F734B4E009A28A0 /* LoginController.swift in Sources */ = {isa = PBXBuildFile; fileRef = 03F0C8131F734B4E009A28A0 /* LoginController.swift */; };
		03F0C81D1F73840A009A28A0 /* LeftPaddedTextField.swift in Sources */ = {isa = PBXBuildFile; fileRef = 03F0C81C1F73840A009A28A0 /* LeftPaddedTextField.swift */; };
		03F56D8F2059CCA90096892F /* SelectColorViewController.swift in Sources */ = {isa = PBXBuildFile; fileRef = 03F56D8E2059CCA90096892F /* SelectColorViewController.swift */; };
		03F56D912059CCB50096892F /* SelectFontViewController.swift in Sources */ = {isa = PBXBuildFile; fileRef = 03F56D902059CCB50096892F /* SelectFontViewController.swift */; };
		03F7821F2046107500C59924 /* AddEmailViewController.swift in Sources */ = {isa = PBXBuildFile; fileRef = 03F7821E2046107500C59924 /* AddEmailViewController.swift */; };
		03F782212046133900C59924 /* AddPhoneNumberViewController.swift in Sources */ = {isa = PBXBuildFile; fileRef = 03F782202046133900C59924 /* AddPhoneNumberViewController.swift */; };
		5D50634BE6CFC4102165A3D9 /* Pods_CardCollec.framework in Frameworks */ = {isa = PBXBuildFile; fileRef = 7433092CBFB0936CAD5DABDC /* Pods_CardCollec.framework */; };
/* End PBXBuildFile section */

/* Begin PBXFileReference section */
		0308A614201A919A002B5174 /* CardFrame.swift */ = {isa = PBXFileReference; lastKnownFileType = sourcecode.swift; name = CardFrame.swift; path = CardCollec/Model/Frames/CardFrame.swift; sourceTree = SOURCE_ROOT; };
		030F65DE201695620084AD63 /* Anchors.swift */ = {isa = PBXFileReference; lastKnownFileType = sourcecode.swift; path = Anchors.swift; sourceTree = "<group>"; };
		030F65E020169C9E0084AD63 /* CardFrameCell.swift */ = {isa = PBXFileReference; lastKnownFileType = sourcecode.swift; path = CardFrameCell.swift; sourceTree = "<group>"; };
		0310C6711FD21EE8002F5F02 /* CreateCardViewController.swift */ = {isa = PBXFileReference; lastKnownFileType = sourcecode.swift; path = CreateCardViewController.swift; sourceTree = "<group>"; };
		0310C67B1FD220C8002F5F02 /* CustomTabBarController.swift */ = {isa = PBXFileReference; lastKnownFileType = sourcecode.swift; path = CustomTabBarController.swift; sourceTree = "<group>"; };
		0360BFBE203F79E30011C7A0 /* AddTitleViewController.swift */ = {isa = PBXFileReference; lastKnownFileType = sourcecode.swift; path = AddTitleViewController.swift; sourceTree = "<group>"; };
		03730E541FCFA02F004C8B08 /* GoogleService-Info.plist */ = {isa = PBXFileReference; fileEncoding = 4; lastKnownFileType = text.plist.xml; path = "GoogleService-Info.plist"; sourceTree = "<group>"; };
		037D70852016794F005A068D /* SelectFrameViewController.swift */ = {isa = PBXFileReference; lastKnownFileType = sourcecode.swift; path = SelectFrameViewController.swift; sourceTree = "<group>"; };
		03879AFB2034D00200966240 /* NavigationControllerStatusBar.swift */ = {isa = PBXFileReference; lastKnownFileType = sourcecode.swift; path = NavigationControllerStatusBar.swift; sourceTree = "<group>"; };
		0395E2C420197003001C64B8 /* LaunchScreen.storyboard */ = {isa = PBXFileReference; fileEncoding = 4; lastKnownFileType = file.storyboard; path = LaunchScreen.storyboard; sourceTree = "<group>"; };
		03AA8FD31F7389A900EE3DC9 /* KeyboardSetting.swift */ = {isa = PBXFileReference; lastKnownFileType = sourcecode.swift; path = KeyboardSetting.swift; sourceTree = "<group>"; };
		03AA8FD71F738B3900EE3DC9 /* Info.plist */ = {isa = PBXFileReference; lastKnownFileType = text.plist.xml; name = Info.plist; path = CardCollec/Info.plist; sourceTree = "<group>"; };
		03AA8FDA1F73A27800EE3DC9 /* BusinessCardViewController.swift */ = {isa = PBXFileReference; lastKnownFileType = sourcecode.swift; path = BusinessCardViewController.swift; sourceTree = "<group>"; };
		03B61C071FD284CE00BC0F69 /* ConnectionsViewController.swift */ = {isa = PBXFileReference; lastKnownFileType = sourcecode.swift; path = ConnectionsViewController.swift; sourceTree = "<group>"; };
		03B61C091FD286A000BC0F69 /* SettingsViewController.swift */ = {isa = PBXFileReference; lastKnownFileType = sourcecode.swift; path = SettingsViewController.swift; sourceTree = "<group>"; };
		03B61C0B1FD2887D00BC0F69 /* MoreViewController.swift */ = {isa = PBXFileReference; lastKnownFileType = sourcecode.swift; path = MoreViewController.swift; sourceTree = "<group>"; };
		03B90D032013E3A500A7F438 /* Assets.xcassets */ = {isa = PBXFileReference; lastKnownFileType = folder.assetcatalog; path = Assets.xcassets; sourceTree = "<group>"; };
		03CE9728206838FB00C59067 /* PreviewViewController.swift */ = {isa = PBXFileReference; lastKnownFileType = sourcecode.swift; path = PreviewViewController.swift; sourceTree = "<group>"; };
		03E0509420351367001956DC /* AddNameViewController.swift */ = {isa = PBXFileReference; lastKnownFileType = sourcecode.swift; path = AddNameViewController.swift; sourceTree = "<group>"; };
		03E25A442047819E00934C17 /* Card.swift */ = {isa = PBXFileReference; lastKnownFileType = sourcecode.swift; name = Card.swift; path = "CardCollec/Controller/View Controllers/Main/Business Card/Add Card/Card.swift"; sourceTree = SOURCE_ROOT; };
		03F0C7F91F7349D7009A28A0 /* CardCollec.app */ = {isa = PBXFileReference; explicitFileType = wrapper.application; includeInIndex = 0; path = CardCollec.app; sourceTree = BUILT_PRODUCTS_DIR; };
		03F0C7FC1F7349D7009A28A0 /* AppDelegate.swift */ = {isa = PBXFileReference; lastKnownFileType = sourcecode.swift; path = AppDelegate.swift; sourceTree = "<group>"; };
		03F0C8011F7349D7009A28A0 /* Base */ = {isa = PBXFileReference; lastKnownFileType = file.storyboard; name = Base; path = Base.lproj/Main.storyboard; sourceTree = "<group>"; };
		03F0C8041F7349D7009A28A0 /* CardCollec.xcdatamodel */ = {isa = PBXFileReference; lastKnownFileType = wrapper.xcdatamodel; path = CardCollec.xcdatamodel; sourceTree = "<group>"; };
		03F0C8111F734B08009A28A0 /* MainNavigationController.swift */ = {isa = PBXFileReference; lastKnownFileType = sourcecode.swift; path = MainNavigationController.swift; sourceTree = "<group>"; };
		03F0C8131F734B4E009A28A0 /* LoginController.swift */ = {isa = PBXFileReference; lastKnownFileType = sourcecode.swift; path = LoginController.swift; sourceTree = "<group>"; };
		03F0C81C1F73840A009A28A0 /* LeftPaddedTextField.swift */ = {isa = PBXFileReference; lastKnownFileType = sourcecode.swift; path = LeftPaddedTextField.swift; sourceTree = "<group>"; };
		03F56D8E2059CCA90096892F /* SelectColorViewController.swift */ = {isa = PBXFileReference; lastKnownFileType = sourcecode.swift; path = SelectColorViewController.swift; sourceTree = "<group>"; };
		03F56D902059CCB50096892F /* SelectFontViewController.swift */ = {isa = PBXFileReference; lastKnownFileType = sourcecode.swift; path = SelectFontViewController.swift; sourceTree = "<group>"; };
		03F7821E2046107500C59924 /* AddEmailViewController.swift */ = {isa = PBXFileReference; lastKnownFileType = sourcecode.swift; path = AddEmailViewController.swift; sourceTree = "<group>"; };
		03F782202046133900C59924 /* AddPhoneNumberViewController.swift */ = {isa = PBXFileReference; lastKnownFileType = sourcecode.swift; path = AddPhoneNumberViewController.swift; sourceTree = "<group>"; };
		2614E6AC9307C92281430F42 /* Pods-CardCollec.debug.xcconfig */ = {isa = PBXFileReference; includeInIndex = 1; lastKnownFileType = text.xcconfig; name = "Pods-CardCollec.debug.xcconfig"; path = "Pods/Target Support Files/Pods-CardCollec/Pods-CardCollec.debug.xcconfig"; sourceTree = "<group>"; };
		7433092CBFB0936CAD5DABDC /* Pods_CardCollec.framework */ = {isa = PBXFileReference; explicitFileType = wrapper.framework; includeInIndex = 0; path = Pods_CardCollec.framework; sourceTree = BUILT_PRODUCTS_DIR; };
		985FD1FEC478B7FEB0CB1337 /* Pods-CardCollec.release.xcconfig */ = {isa = PBXFileReference; includeInIndex = 1; lastKnownFileType = text.xcconfig; name = "Pods-CardCollec.release.xcconfig"; path = "Pods/Target Support Files/Pods-CardCollec/Pods-CardCollec.release.xcconfig"; sourceTree = "<group>"; };
/* End PBXFileReference section */

/* Begin PBXFrameworksBuildPhase section */
		03F0C7F61F7349D7009A28A0 /* Frameworks */ = {
			isa = PBXFrameworksBuildPhase;
			buildActionMask = 2147483647;
			files = (
				5D50634BE6CFC4102165A3D9 /* Pods_CardCollec.framework in Frameworks */,
			);
			runOnlyForDeploymentPostprocessing = 0;
		};
/* End PBXFrameworksBuildPhase section */

/* Begin PBXGroup section */
		030F65DC201691570084AD63 /* Frame Cell */ = {
			isa = PBXGroup;
			children = (
				030F65E020169C9E0084AD63 /* CardFrameCell.swift */,
			);
			path = "Frame Cell";
			sourceTree = "<group>";
		};
		030F65DD201691810084AD63 /* Frame */ = {
			isa = PBXGroup;
			children = (
				0308A614201A919A002B5174 /* CardFrame.swift */,
				03E25A442047819E00934C17 /* Card.swift */,
			);
			name = Frame;
			path = CardCollec/Model/Frame;
			sourceTree = "<group>";
		};
		0310C6731FD21FBC002F5F02 /* Tab Bar */ = {
			isa = PBXGroup;
			children = (
				0310C67B1FD220C8002F5F02 /* CustomTabBarController.swift */,
			);
			path = "Tab Bar";
			sourceTree = "<group>";
		};
		0310C6741FD22000002F5F02 /* Login */ = {
			isa = PBXGroup;
			children = (
				03F0C8131F734B4E009A28A0 /* LoginController.swift */,
			);
			path = Login;
			sourceTree = "<group>";
		};
		0310C6751FD22019002F5F02 /* Register */ = {
			isa = PBXGroup;
			children = (
			);
			path = Register;
			sourceTree = "<group>";
		};
		0310C6761FD2202F002F5F02 /* View Controllers */ = {
			isa = PBXGroup;
			children = (
				037D70842016773C005A068D /* Main */,
				0310C6741FD22000002F5F02 /* Login */,
				0310C6751FD22019002F5F02 /* Register */,
			);
			path = "View Controllers";
			sourceTree = "<group>";
		};
		037D708220167633005A068D /* Business Card */ = {
			isa = PBXGroup;
			children = (
				03AA8FDA1F73A27800EE3DC9 /* BusinessCardViewController.swift */,
				037D708320167649005A068D /* Add Card */,
			);
			path = "Business Card";
			sourceTree = "<group>";
		};
		037D708320167649005A068D /* Add Card */ = {
			isa = PBXGroup;
			children = (
				037D70852016794F005A068D /* SelectFrameViewController.swift */,
				03F56D8E2059CCA90096892F /* SelectColorViewController.swift */,
				03F56D902059CCB50096892F /* SelectFontViewController.swift */,
				03E0509420351367001956DC /* AddNameViewController.swift */,
				0360BFBE203F79E30011C7A0 /* AddTitleViewController.swift */,
				03F7821E2046107500C59924 /* AddEmailViewController.swift */,
				03F782202046133900C59924 /* AddPhoneNumberViewController.swift */,
				03CE9728206838FB00C59067 /* PreviewViewController.swift */,
			);
			path = "Add Card";
			sourceTree = "<group>";
		};
		037D70842016773C005A068D /* Main */ = {
			isa = PBXGroup;
			children = (
				037D708220167633005A068D /* Business Card */,
				03B61C071FD284CE00BC0F69 /* ConnectionsViewController.swift */,
				03B61C0B1FD2887D00BC0F69 /* MoreViewController.swift */,
				03B61C091FD286A000BC0F69 /* SettingsViewController.swift */,
			);
			path = Main;
			sourceTree = "<group>";
		};
		03AA8FCE1F7385DB00EE3DC9 /* Supporting Files */ = {
			isa = PBXGroup;
			children = (
				0395E2C420197003001C64B8 /* LaunchScreen.storyboard */,
				03B90D032013E3A500A7F438 /* Assets.xcassets */,
				03F0C7FC1F7349D7009A28A0 /* AppDelegate.swift */,
				03F0C8001F7349D7009A28A0 /* Main.storyboard */,
				03F0C8031F7349D7009A28A0 /* CardCollec.xcdatamodeld */,
			);
			path = "Supporting Files";
			sourceTree = "<group>";
		};
		03AA8FCF1F7385F500EE3DC9 /* Controller */ = {
			isa = PBXGroup;
			children = (
				03F0C8111F734B08009A28A0 /* MainNavigationController.swift */,
				0310C6761FD2202F002F5F02 /* View Controllers */,
				0310C6731FD21FBC002F5F02 /* Tab Bar */,
			);
			path = Controller;
			sourceTree = "<group>";
		};
		03AA8FD01F7385FD00EE3DC9 /* View */ = {
			isa = PBXGroup;
			children = (
				030F65DC201691570084AD63 /* Frame Cell */,
			);
			path = View;
			sourceTree = "<group>";
		};
		03AA8FD11F73860500EE3DC9 /* Model */ = {
			isa = PBXGroup;
			children = (
				030F65DD201691810084AD63 /* Frame */,
			);
			path = Model;
			sourceTree = "<group>";
		};
		03AA8FD21F73860F00EE3DC9 /* Extensions */ = {
			isa = PBXGroup;
			children = (
				0310C6711FD21EE8002F5F02 /* CreateCardViewController.swift */,
				030F65DE201695620084AD63 /* Anchors.swift */,
				03F0C81C1F73840A009A28A0 /* LeftPaddedTextField.swift */,
				03AA8FD31F7389A900EE3DC9 /* KeyboardSetting.swift */,
				03879AFB2034D00200966240 /* NavigationControllerStatusBar.swift */,
			);
			path = Extensions;
			sourceTree = "<group>";
		};
		03F0C7F01F7349D7009A28A0 = {
			isa = PBXGroup;
			children = (
				03F0C7FB1F7349D7009A28A0 /* CardCollec */,
				03AA8FD71F738B3900EE3DC9 /* Info.plist */,
				03730E541FCFA02F004C8B08 /* GoogleService-Info.plist */,
				03F0C7FA1F7349D7009A28A0 /* Products */,
				4655BF0A7AA9D5AA1EF5E46E /* Frameworks */,
				3DAB310879633C60FE728ED5 /* Pods */,
			);
			sourceTree = "<group>";
		};
		03F0C7FA1F7349D7009A28A0 /* Products */ = {
			isa = PBXGroup;
			children = (
				03F0C7F91F7349D7009A28A0 /* CardCollec.app */,
			);
			name = Products;
			sourceTree = "<group>";
		};
		03F0C7FB1F7349D7009A28A0 /* CardCollec */ = {
			isa = PBXGroup;
			children = (
				03AA8FD11F73860500EE3DC9 /* Model */,
				03AA8FD01F7385FD00EE3DC9 /* View */,
				03AA8FCF1F7385F500EE3DC9 /* Controller */,
				03AA8FD21F73860F00EE3DC9 /* Extensions */,
				03AA8FCE1F7385DB00EE3DC9 /* Supporting Files */,
			);
			path = CardCollec;
			sourceTree = "<group>";
		};
		3DAB310879633C60FE728ED5 /* Pods */ = {
			isa = PBXGroup;
			children = (
				2614E6AC9307C92281430F42 /* Pods-CardCollec.debug.xcconfig */,
				985FD1FEC478B7FEB0CB1337 /* Pods-CardCollec.release.xcconfig */,
			);
			name = Pods;
			sourceTree = "<group>";
		};
		4655BF0A7AA9D5AA1EF5E46E /* Frameworks */ = {
			isa = PBXGroup;
			children = (
				7433092CBFB0936CAD5DABDC /* Pods_CardCollec.framework */,
			);
			name = Frameworks;
			sourceTree = "<group>";
		};
/* End PBXGroup section */

/* Begin PBXNativeTarget section */
		03F0C7F81F7349D7009A28A0 /* CardCollec */ = {
			isa = PBXNativeTarget;
			buildConfigurationList = 03F0C80E1F7349D7009A28A0 /* Build configuration list for PBXNativeTarget "CardCollec" */;
			buildPhases = (
				4CB6340F8BCEEA66739F28B3 /* [CP] Check Pods Manifest.lock */,
				03F0C7F51F7349D7009A28A0 /* Sources */,
				03F0C7F61F7349D7009A28A0 /* Frameworks */,
				03F0C7F71F7349D7009A28A0 /* Resources */,
				A2C874431F85D01BDA07AB60 /* [CP] Embed Pods Frameworks */,
				B6C4D9DC924C330A7EA20639 /* [CP] Copy Pods Resources */,
			);
			buildRules = (
			);
			dependencies = (
			);
			name = CardCollec;
			productName = CardCollec;
			productReference = 03F0C7F91F7349D7009A28A0 /* CardCollec.app */;
			productType = "com.apple.product-type.application";
		};
/* End PBXNativeTarget section */

/* Begin PBXProject section */
		03F0C7F11F7349D7009A28A0 /* Project object */ = {
			isa = PBXProject;
			attributes = {
				LastSwiftUpdateCheck = 0900;
				LastUpgradeCheck = 0900;
				ORGANIZATIONNAME = CardCollec;
				TargetAttributes = {
					03F0C7F81F7349D7009A28A0 = {
						CreatedOnToolsVersion = 9.0;
						ProvisioningStyle = Automatic;
					};
				};
			};
			buildConfigurationList = 03F0C7F41F7349D7009A28A0 /* Build configuration list for PBXProject "CardCollec" */;
			compatibilityVersion = "Xcode 8.0";
			developmentRegion = en;
			hasScannedForEncodings = 0;
			knownRegions = (
				en,
				Base,
			);
			mainGroup = 03F0C7F01F7349D7009A28A0;
			productRefGroup = 03F0C7FA1F7349D7009A28A0 /* Products */;
			projectDirPath = "";
			projectRoot = "";
			targets = (
				03F0C7F81F7349D7009A28A0 /* CardCollec */,
			);
		};
/* End PBXProject section */

/* Begin PBXResourcesBuildPhase section */
		03F0C7F71F7349D7009A28A0 /* Resources */ = {
			isa = PBXResourcesBuildPhase;
			buildActionMask = 2147483647;
			files = (
				03730E551FCFA02F004C8B08 /* GoogleService-Info.plist in Resources */,
				0395E2C520197003001C64B8 /* LaunchScreen.storyboard in Resources */,
				03B90D042013E3A600A7F438 /* Assets.xcassets in Resources */,
				03F0C8021F7349D7009A28A0 /* Main.storyboard in Resources */,
			);
			runOnlyForDeploymentPostprocessing = 0;
		};
/* End PBXResourcesBuildPhase section */

/* Begin PBXShellScriptBuildPhase section */
		4CB6340F8BCEEA66739F28B3 /* [CP] Check Pods Manifest.lock */ = {
			isa = PBXShellScriptBuildPhase;
			buildActionMask = 2147483647;
			files = (
			);
			inputPaths = (
				"${PODS_PODFILE_DIR_PATH}/Podfile.lock",
				"${PODS_ROOT}/Manifest.lock",
			);
			name = "[CP] Check Pods Manifest.lock";
			outputPaths = (
				"$(DERIVED_FILE_DIR)/Pods-CardCollec-checkManifestLockResult.txt",
			);
			runOnlyForDeploymentPostprocessing = 0;
			shellPath = /bin/sh;
			shellScript = "diff \"${PODS_PODFILE_DIR_PATH}/Podfile.lock\" \"${PODS_ROOT}/Manifest.lock\" > /dev/null\nif [ $? != 0 ] ; then\n    # print error to STDERR\n    echo \"error: The sandbox is not in sync with the Podfile.lock. Run 'pod install' or update your CocoaPods installation.\" >&2\n    exit 1\nfi\n# This output is used by Xcode 'outputs' to avoid re-running this script phase.\necho \"SUCCESS\" > \"${SCRIPT_OUTPUT_FILE_0}\"\n";
			showEnvVarsInLog = 0;
		};
		A2C874431F85D01BDA07AB60 /* [CP] Embed Pods Frameworks */ = {
			isa = PBXShellScriptBuildPhase;
			buildActionMask = 2147483647;
			files = (
			);
			inputPaths = (
				"${SRCROOT}/Pods/Target Support Files/Pods-CardCollec/Pods-CardCollec-frameworks.sh",
				"${BUILT_PRODUCTS_DIR}/GTMSessionFetcher/GTMSessionFetcher.framework",
				"${BUILT_PRODUCTS_DIR}/GoogleToolboxForMac/GoogleToolboxForMac.framework",
				"${BUILT_PRODUCTS_DIR}/leveldb-library/leveldb.framework",
				"${BUILT_PRODUCTS_DIR}/nanopb/nanopb.framework",
			);
			name = "[CP] Embed Pods Frameworks";
			outputPaths = (
				"${TARGET_BUILD_DIR}/${FRAMEWORKS_FOLDER_PATH}/GTMSessionFetcher.framework",
				"${TARGET_BUILD_DIR}/${FRAMEWORKS_FOLDER_PATH}/GoogleToolboxForMac.framework",
				"${TARGET_BUILD_DIR}/${FRAMEWORKS_FOLDER_PATH}/leveldb.framework",
				"${TARGET_BUILD_DIR}/${FRAMEWORKS_FOLDER_PATH}/nanopb.framework",
			);
			runOnlyForDeploymentPostprocessing = 0;
			shellPath = /bin/sh;
			shellScript = "\"${SRCROOT}/Pods/Target Support Files/Pods-CardCollec/Pods-CardCollec-frameworks.sh\"\n";
			showEnvVarsInLog = 0;
		};
		B6C4D9DC924C330A7EA20639 /* [CP] Copy Pods Resources */ = {
			isa = PBXShellScriptBuildPhase;
			buildActionMask = 2147483647;
			files = (
			);
			inputPaths = (
			);
			name = "[CP] Copy Pods Resources";
			outputPaths = (
			);
			runOnlyForDeploymentPostprocessing = 0;
			shellPath = /bin/sh;
			shellScript = "\"${SRCROOT}/Pods/Target Support Files/Pods-CardCollec/Pods-CardCollec-resources.sh\"\n";
			showEnvVarsInLog = 0;
		};
/* End PBXShellScriptBuildPhase section */

/* Begin PBXSourcesBuildPhase section */
		03F0C7F51F7349D7009A28A0 /* Sources */ = {
			isa = PBXSourcesBuildPhase;
			buildActionMask = 2147483647;
			files = (
				03F0C8051F7349D7009A28A0 /* CardCollec.xcdatamodeld in Sources */,
				0308A615201A919A002B5174 /* CardFrame.swift in Sources */,
				03AA8FD41F7389A900EE3DC9 /* KeyboardSetting.swift in Sources */,
				0360BFBF203F79E30011C7A0 /* AddTitleViewController.swift in Sources */,
				03F0C8141F734B4E009A28A0 /* LoginController.swift in Sources */,
				03F0C81D1F73840A009A28A0 /* LeftPaddedTextField.swift in Sources */,
				03E0509520351367001956DC /* AddNameViewController.swift in Sources */,
				03F56D912059CCB50096892F /* SelectFontViewController.swift in Sources */,
				030F65DF201695620084AD63 /* Anchors.swift in Sources */,
				03F0C8121F734B08009A28A0 /* MainNavigationController.swift in Sources */,
				03B61C081FD284CE00BC0F69 /* ConnectionsViewController.swift in Sources */,
				03F782212046133900C59924 /* AddPhoneNumberViewController.swift in Sources */,
				037D70862016794F005A068D /* SelectFrameViewController.swift in Sources */,
				03F7821F2046107500C59924 /* AddEmailViewController.swift in Sources */,
				03F56D8F2059CCA90096892F /* SelectColorViewController.swift in Sources */,
				03AA8FDB1F73A27900EE3DC9 /* BusinessCardViewController.swift in Sources */,
				03B61C0A1FD286A000BC0F69 /* SettingsViewController.swift in Sources */,
				030F65E120169C9E0084AD63 /* CardFrameCell.swift in Sources */,
				03F0C7FD1F7349D7009A28A0 /* AppDelegate.swift in Sources */,
				03B61C0C1FD2887D00BC0F69 /* MoreViewController.swift in Sources */,
				03879AFC2034D00200966240 /* NavigationControllerStatusBar.swift in Sources */,
				0310C67C1FD220C8002F5F02 /* CustomTabBarController.swift in Sources */,
				0310C6721FD21EE8002F5F02 /* CreateCardViewController.swift in Sources */,
				03CE9729206838FB00C59067 /* PreviewViewController.swift in Sources */,
				03E25A452047819E00934C17 /* Card.swift in Sources */,
			);
			runOnlyForDeploymentPostprocessing = 0;
		};
/* End PBXSourcesBuildPhase section */

/* Begin PBXVariantGroup section */
		03F0C8001F7349D7009A28A0 /* Main.storyboard */ = {
			isa = PBXVariantGroup;
			children = (
				03F0C8011F7349D7009A28A0 /* Base */,
			);
			name = Main.storyboard;
			sourceTree = "<group>";
		};
/* End PBXVariantGroup section */

/* Begin XCBuildConfiguration section */
		03F0C80C1F7349D7009A28A0 /* Debug */ = {
			isa = XCBuildConfiguration;
			buildSettings = {
				ALWAYS_SEARCH_USER_PATHS = NO;
				CLANG_ANALYZER_NONNULL = YES;
				CLANG_ANALYZER_NUMBER_OBJECT_CONVERSION = YES_AGGRESSIVE;
				CLANG_CXX_LANGUAGE_STANDARD = "gnu++14";
				CLANG_CXX_LIBRARY = "libc++";
				CLANG_ENABLE_MODULES = YES;
				CLANG_ENABLE_OBJC_ARC = YES;
				CLANG_WARN_BLOCK_CAPTURE_AUTORELEASING = YES;
				CLANG_WARN_BOOL_CONVERSION = YES;
				CLANG_WARN_COMMA = YES;
				CLANG_WARN_CONSTANT_CONVERSION = YES;
				CLANG_WARN_DIRECT_OBJC_ISA_USAGE = YES_ERROR;
				CLANG_WARN_DOCUMENTATION_COMMENTS = YES;
				CLANG_WARN_EMPTY_BODY = YES;
				CLANG_WARN_ENUM_CONVERSION = YES;
				CLANG_WARN_INFINITE_RECURSION = YES;
				CLANG_WARN_INT_CONVERSION = YES;
				CLANG_WARN_NON_LITERAL_NULL_CONVERSION = YES;
				CLANG_WARN_OBJC_LITERAL_CONVERSION = YES;
				CLANG_WARN_OBJC_ROOT_CLASS = YES_ERROR;
				CLANG_WARN_RANGE_LOOP_ANALYSIS = YES;
				CLANG_WARN_STRICT_PROTOTYPES = YES;
				CLANG_WARN_SUSPICIOUS_MOVE = YES;
				CLANG_WARN_UNGUARDED_AVAILABILITY = YES_AGGRESSIVE;
				CLANG_WARN_UNREACHABLE_CODE = YES;
				CLANG_WARN__DUPLICATE_METHOD_MATCH = YES;
				CODE_SIGN_IDENTITY = "iPhone Developer";
				COPY_PHASE_STRIP = NO;
				DEBUG_INFORMATION_FORMAT = dwarf;
				ENABLE_STRICT_OBJC_MSGSEND = YES;
				ENABLE_TESTABILITY = YES;
				GCC_C_LANGUAGE_STANDARD = gnu11;
				GCC_DYNAMIC_NO_PIC = NO;
				GCC_NO_COMMON_BLOCKS = YES;
				GCC_OPTIMIZATION_LEVEL = 0;
				GCC_PREPROCESSOR_DEFINITIONS = (
					"DEBUG=1",
					"$(inherited)",
				);
				GCC_WARN_64_TO_32_BIT_CONVERSION = YES;
				GCC_WARN_ABOUT_RETURN_TYPE = YES_ERROR;
				GCC_WARN_UNDECLARED_SELECTOR = YES;
				GCC_WARN_UNINITIALIZED_AUTOS = YES_AGGRESSIVE;
				GCC_WARN_UNUSED_FUNCTION = YES;
				GCC_WARN_UNUSED_VARIABLE = YES;
				IPHONEOS_DEPLOYMENT_TARGET = 11.0;
				MTL_ENABLE_DEBUG_INFO = YES;
				ONLY_ACTIVE_ARCH = YES;
				SDKROOT = iphoneos;
				SWIFT_ACTIVE_COMPILATION_CONDITIONS = DEBUG;
				SWIFT_OPTIMIZATION_LEVEL = "-Onone";
			};
			name = Debug;
		};
		03F0C80D1F7349D7009A28A0 /* Release */ = {
			isa = XCBuildConfiguration;
			buildSettings = {
				ALWAYS_SEARCH_USER_PATHS = NO;
				CLANG_ANALYZER_NONNULL = YES;
				CLANG_ANALYZER_NUMBER_OBJECT_CONVERSION = YES_AGGRESSIVE;
				CLANG_CXX_LANGUAGE_STANDARD = "gnu++14";
				CLANG_CXX_LIBRARY = "libc++";
				CLANG_ENABLE_MODULES = YES;
				CLANG_ENABLE_OBJC_ARC = YES;
				CLANG_WARN_BLOCK_CAPTURE_AUTORELEASING = YES;
				CLANG_WARN_BOOL_CONVERSION = YES;
				CLANG_WARN_COMMA = YES;
				CLANG_WARN_CONSTANT_CONVERSION = YES;
				CLANG_WARN_DIRECT_OBJC_ISA_USAGE = YES_ERROR;
				CLANG_WARN_DOCUMENTATION_COMMENTS = YES;
				CLANG_WARN_EMPTY_BODY = YES;
				CLANG_WARN_ENUM_CONVERSION = YES;
				CLANG_WARN_INFINITE_RECURSION = YES;
				CLANG_WARN_INT_CONVERSION = YES;
				CLANG_WARN_NON_LITERAL_NULL_CONVERSION = YES;
				CLANG_WARN_OBJC_LITERAL_CONVERSION = YES;
				CLANG_WARN_OBJC_ROOT_CLASS = YES_ERROR;
				CLANG_WARN_RANGE_LOOP_ANALYSIS = YES;
				CLANG_WARN_STRICT_PROTOTYPES = YES;
				CLANG_WARN_SUSPICIOUS_MOVE = YES;
				CLANG_WARN_UNGUARDED_AVAILABILITY = YES_AGGRESSIVE;
				CLANG_WARN_UNREACHABLE_CODE = YES;
				CLANG_WARN__DUPLICATE_METHOD_MATCH = YES;
				CODE_SIGN_IDENTITY = "iPhone Developer";
				COPY_PHASE_STRIP = NO;
				DEBUG_INFORMATION_FORMAT = "dwarf-with-dsym";
				ENABLE_NS_ASSERTIONS = NO;
				ENABLE_STRICT_OBJC_MSGSEND = YES;
				GCC_C_LANGUAGE_STANDARD = gnu11;
				GCC_NO_COMMON_BLOCKS = YES;
				GCC_WARN_64_TO_32_BIT_CONVERSION = YES;
				GCC_WARN_ABOUT_RETURN_TYPE = YES_ERROR;
				GCC_WARN_UNDECLARED_SELECTOR = YES;
				GCC_WARN_UNINITIALIZED_AUTOS = YES_AGGRESSIVE;
				GCC_WARN_UNUSED_FUNCTION = YES;
				GCC_WARN_UNUSED_VARIABLE = YES;
				IPHONEOS_DEPLOYMENT_TARGET = 11.0;
				MTL_ENABLE_DEBUG_INFO = NO;
				SDKROOT = iphoneos;
				SWIFT_OPTIMIZATION_LEVEL = "-Owholemodule";
				VALIDATE_PRODUCT = YES;
			};
			name = Release;
		};
		03F0C80F1F7349D7009A28A0 /* Debug */ = {
			isa = XCBuildConfiguration;
			baseConfigurationReference = 2614E6AC9307C92281430F42 /* Pods-CardCollec.debug.xcconfig */;
			buildSettings = {
				ASSETCATALOG_COMPILER_APPICON_NAME = AppIcon;
				CODE_SIGN_STYLE = Automatic;
				DEVELOPMENT_TEAM = P5CU52HEKE;
				INFOPLIST_FILE = CardCollec/Info.plist;
				LD_RUNPATH_SEARCH_PATHS = "$(inherited) @executable_path/Frameworks";
				PRODUCT_BUNDLE_IDENTIFIER = com.CardCollec.CardCollec;
				PRODUCT_NAME = "$(TARGET_NAME)";
				SWIFT_SWIFT3_OBJC_INFERENCE = Off;
				SWIFT_VERSION = 4.0;
				TARGETED_DEVICE_FAMILY = "1,2";
			};
			name = Debug;
		};
		03F0C8101F7349D7009A28A0 /* Release */ = {
			isa = XCBuildConfiguration;
			baseConfigurationReference = 985FD1FEC478B7FEB0CB1337 /* Pods-CardCollec.release.xcconfig */;
			buildSettings = {
				ASSETCATALOG_COMPILER_APPICON_NAME = AppIcon;
				CODE_SIGN_STYLE = Automatic;
				DEVELOPMENT_TEAM = P5CU52HEKE;
				INFOPLIST_FILE = CardCollec/Info.plist;
				LD_RUNPATH_SEARCH_PATHS = "$(inherited) @executable_path/Frameworks";
				PRODUCT_BUNDLE_IDENTIFIER = com.CardCollec.CardCollec;
				PRODUCT_NAME = "$(TARGET_NAME)";
				SWIFT_SWIFT3_OBJC_INFERENCE = Off;
				SWIFT_VERSION = 4.0;
				TARGETED_DEVICE_FAMILY = "1,2";
			};
			name = Release;
		};
/* End XCBuildConfiguration section */

/* Begin XCConfigurationList section */
		03F0C7F41F7349D7009A28A0 /* Build configuration list for PBXProject "CardCollec" */ = {
			isa = XCConfigurationList;
			buildConfigurations = (
				03F0C80C1F7349D7009A28A0 /* Debug */,
				03F0C80D1F7349D7009A28A0 /* Release */,
			);
			defaultConfigurationIsVisible = 0;
			defaultConfigurationName = Release;
		};
		03F0C80E1F7349D7009A28A0 /* Build configuration list for PBXNativeTarget "CardCollec" */ = {
			isa = XCConfigurationList;
			buildConfigurations = (
				03F0C80F1F7349D7009A28A0 /* Debug */,
				03F0C8101F7349D7009A28A0 /* Release */,
			);
			defaultConfigurationIsVisible = 0;
			defaultConfigurationName = Release;
		};
/* End XCConfigurationList section */

/* Begin XCVersionGroup section */
		03F0C8031F7349D7009A28A0 /* CardCollec.xcdatamodeld */ = {
			isa = XCVersionGroup;
			children = (
				03F0C8041F7349D7009A28A0 /* CardCollec.xcdatamodel */,
			);
			currentVersion = 03F0C8041F7349D7009A28A0 /* CardCollec.xcdatamodel */;
			path = CardCollec.xcdatamodeld;
			sourceTree = "<group>";
			versionGroupType = wrapper.xcdatamodel;
		};
/* End XCVersionGroup section */
	};
	rootObject = 03F0C7F11F7349D7009A28A0 /* Project object */;
}
